// !$*UTF8*$!
{
	archiveVersion = 1;
	classes = {
	};
	objectVersion = 46;
	objects = {

/* Begin PBXBuildFile section */
		65E2D30B1D9BCCD800E6BE89 /* NSURLSessionCancellationTests.swift in Sources */ = {isa = PBXBuildFile; fileRef = 65E2D30A1D9BCCD800E6BE89 /* NSURLSessionCancellationTests.swift */; };
		934F07001D8EEAFC001C74C9 /* URLSession+Cancellation.swift in Sources */ = {isa = PBXBuildFile; fileRef = 934F06FF1D8EEAFC001C74C9 /* URLSession+Cancellation.swift */; };
		AABD2B531D67183500F3B854 /* AppDelegate.swift in Sources */ = {isa = PBXBuildFile; fileRef = AABD2B521D67183500F3B854 /* AppDelegate.swift */; };
		AABD2B551D67183500F3B854 /* ViewController.swift in Sources */ = {isa = PBXBuildFile; fileRef = AABD2B541D67183500F3B854 /* ViewController.swift */; };
		AABD2B581D67183500F3B854 /* Main.storyboard in Resources */ = {isa = PBXBuildFile; fileRef = AABD2B561D67183500F3B854 /* Main.storyboard */; };
		AABD2B5A1D67183500F3B854 /* Assets.xcassets in Resources */ = {isa = PBXBuildFile; fileRef = AABD2B591D67183500F3B854 /* Assets.xcassets */; };
		AABD2B5D1D67183500F3B854 /* LaunchScreen.storyboard in Resources */ = {isa = PBXBuildFile; fileRef = AABD2B5B1D67183500F3B854 /* LaunchScreen.storyboard */; };
/* End PBXBuildFile section */

/* Begin PBXContainerItemProxy section */
		65E2D30D1D9BCCD800E6BE89 /* PBXContainerItemProxy */ = {
			isa = PBXContainerItemProxy;
			containerPortal = AABD2B471D67183500F3B854 /* Project object */;
			proxyType = 1;
			remoteGlobalIDString = AABD2B4E1D67183500F3B854;
			remoteInfo = NSURLSessionCancellation;
		};
/* End PBXContainerItemProxy section */

/* Begin PBXFileReference section */
		65E2D3081D9BCCD800E6BE89 /* NSURLSessionCancellationTests.xctest */ = {isa = PBXFileReference; explicitFileType = wrapper.cfbundle; includeInIndex = 0; path = NSURLSessionCancellationTests.xctest; sourceTree = BUILT_PRODUCTS_DIR; };
		65E2D30A1D9BCCD800E6BE89 /* NSURLSessionCancellationTests.swift */ = {isa = PBXFileReference; lastKnownFileType = sourcecode.swift; path = NSURLSessionCancellationTests.swift; sourceTree = "<group>"; };
		65E2D30C1D9BCCD800E6BE89 /* Info.plist */ = {isa = PBXFileReference; lastKnownFileType = text.plist.xml; path = Info.plist; sourceTree = "<group>"; };
		934F06FF1D8EEAFC001C74C9 /* URLSession+Cancellation.swift */ = {isa = PBXFileReference; fileEncoding = 4; lastKnownFileType = sourcecode.swift; path = "URLSession+Cancellation.swift"; sourceTree = "<group>"; };
		AABD2B4F1D67183500F3B854 /* NSURLSessionCancellation.app */ = {isa = PBXFileReference; explicitFileType = wrapper.application; includeInIndex = 0; path = NSURLSessionCancellation.app; sourceTree = BUILT_PRODUCTS_DIR; };
		AABD2B521D67183500F3B854 /* AppDelegate.swift */ = {isa = PBXFileReference; lastKnownFileType = sourcecode.swift; path = AppDelegate.swift; sourceTree = "<group>"; };
		AABD2B541D67183500F3B854 /* ViewController.swift */ = {isa = PBXFileReference; lastKnownFileType = sourcecode.swift; path = ViewController.swift; sourceTree = "<group>"; };
		AABD2B571D67183500F3B854 /* Base */ = {isa = PBXFileReference; lastKnownFileType = file.storyboard; name = Base; path = Base.lproj/Main.storyboard; sourceTree = "<group>"; };
		AABD2B591D67183500F3B854 /* Assets.xcassets */ = {isa = PBXFileReference; lastKnownFileType = folder.assetcatalog; path = Assets.xcassets; sourceTree = "<group>"; };
		AABD2B5C1D67183500F3B854 /* Base */ = {isa = PBXFileReference; lastKnownFileType = file.storyboard; name = Base; path = Base.lproj/LaunchScreen.storyboard; sourceTree = "<group>"; };
		AABD2B5E1D67183500F3B854 /* Info.plist */ = {isa = PBXFileReference; lastKnownFileType = text.plist.xml; path = Info.plist; sourceTree = "<group>"; };
/* End PBXFileReference section */

/* Begin PBXFrameworksBuildPhase section */
		65E2D3051D9BCCD800E6BE89 /* Frameworks */ = {
			isa = PBXFrameworksBuildPhase;
			buildActionMask = 2147483647;
			files = (
			);
			runOnlyForDeploymentPostprocessing = 0;
		};
		AABD2B4C1D67183500F3B854 /* Frameworks */ = {
			isa = PBXFrameworksBuildPhase;
			buildActionMask = 2147483647;
			files = (
			);
			runOnlyForDeploymentPostprocessing = 0;
		};
/* End PBXFrameworksBuildPhase section */

/* Begin PBXGroup section */
		65E2D3091D9BCCD800E6BE89 /* NSURLSessionCancellationTests */ = {
			isa = PBXGroup;
			children = (
				65E2D30A1D9BCCD800E6BE89 /* NSURLSessionCancellationTests.swift */,
				65E2D30C1D9BCCD800E6BE89 /* Info.plist */,
			);
			path = NSURLSessionCancellationTests;
			sourceTree = "<group>";
		};
		934F06FE1D8EEAFC001C74C9 /* Sources */ = {
			isa = PBXGroup;
			children = (
				934F06FF1D8EEAFC001C74C9 /* URLSession+Cancellation.swift */,
			);
			path = Sources;
			sourceTree = SOURCE_ROOT;
		};
		AABD2B461D67183500F3B854 = {
			isa = PBXGroup;
			children = (
				AABD2B511D67183500F3B854 /* NSURLSessionCancellation */,
				65E2D3091D9BCCD800E6BE89 /* NSURLSessionCancellationTests */,
				AABD2B501D67183500F3B854 /* Products */,
			);
			sourceTree = "<group>";
		};
		AABD2B501D67183500F3B854 /* Products */ = {
			isa = PBXGroup;
			children = (
				AABD2B4F1D67183500F3B854 /* NSURLSessionCancellation.app */,
				65E2D3081D9BCCD800E6BE89 /* NSURLSessionCancellationTests.xctest */,
			);
			name = Products;
			sourceTree = "<group>";
		};
		AABD2B511D67183500F3B854 /* NSURLSessionCancellation */ = {
			isa = PBXGroup;
			children = (
				AABD2B521D67183500F3B854 /* AppDelegate.swift */,
				AABD2B591D67183500F3B854 /* Assets.xcassets */,
				AABD2B5E1D67183500F3B854 /* Info.plist */,
				AABD2B5B1D67183500F3B854 /* LaunchScreen.storyboard */,
				AABD2B561D67183500F3B854 /* Main.storyboard */,
				934F06FE1D8EEAFC001C74C9 /* Sources */,
				AABD2B541D67183500F3B854 /* ViewController.swift */,
			);
			path = NSURLSessionCancellation;
			sourceTree = "<group>";
		};
/* End PBXGroup section */

/* Begin PBXNativeTarget section */
		65E2D3071D9BCCD800E6BE89 /* NSURLSessionCancellationTests */ = {
			isa = PBXNativeTarget;
			buildConfigurationList = 65E2D3111D9BCCD800E6BE89 /* Build configuration list for PBXNativeTarget "NSURLSessionCancellationTests" */;
			buildPhases = (
				65E2D3041D9BCCD800E6BE89 /* Sources */,
				65E2D3051D9BCCD800E6BE89 /* Frameworks */,
				65E2D3061D9BCCD800E6BE89 /* Resources */,
			);
			buildRules = (
			);
			dependencies = (
				65E2D30E1D9BCCD800E6BE89 /* PBXTargetDependency */,
			);
			name = NSURLSessionCancellationTests;
			productName = NSURLSessionCancellationTests;
			productReference = 65E2D3081D9BCCD800E6BE89 /* NSURLSessionCancellationTests.xctest */;
			productType = "com.apple.product-type.bundle.unit-test";
		};
		AABD2B4E1D67183500F3B854 /* NSURLSessionCancellation */ = {
			isa = PBXNativeTarget;
			buildConfigurationList = AABD2B771D67183500F3B854 /* Build configuration list for PBXNativeTarget "NSURLSessionCancellation" */;
			buildPhases = (
				AABD2B4B1D67183500F3B854 /* Sources */,
				AABD2B4C1D67183500F3B854 /* Frameworks */,
				AABD2B4D1D67183500F3B854 /* Resources */,
				65FD4BCD1DA26F61001332B8 /* ShellScript */,
			);
			buildRules = (
			);
			dependencies = (
			);
			name = NSURLSessionCancellation;
			productName = NSURLSessionCancellation;
			productReference = AABD2B4F1D67183500F3B854 /* NSURLSessionCancellation.app */;
			productType = "com.apple.product-type.application";
		};
/* End PBXNativeTarget section */

/* Begin PBXProject section */
		AABD2B471D67183500F3B854 /* Project object */ = {
			isa = PBXProject;
			attributes = {
				LastSwiftUpdateCheck = 0800;
				LastUpgradeCheck = 0800;
				ORGANIZATIONNAME = ustwo;
				TargetAttributes = {
					65E2D3071D9BCCD800E6BE89 = {
						CreatedOnToolsVersion = 8.0;
						ProvisioningStyle = Automatic;
						TestTargetID = AABD2B4E1D67183500F3B854;
					};
					AABD2B4E1D67183500F3B854 = {
						CreatedOnToolsVersion = 7.3.1;
						LastSwiftMigration = 0800;
					};
				};
			};
			buildConfigurationList = AABD2B4A1D67183500F3B854 /* Build configuration list for PBXProject "NSURLSessionCancellation" */;
			compatibilityVersion = "Xcode 3.2";
			developmentRegion = English;
			hasScannedForEncodings = 0;
			knownRegions = (
				en,
				Base,
			);
			mainGroup = AABD2B461D67183500F3B854;
			productRefGroup = AABD2B501D67183500F3B854 /* Products */;
			projectDirPath = "";
			projectRoot = "";
			targets = (
				AABD2B4E1D67183500F3B854 /* NSURLSessionCancellation */,
				65E2D3071D9BCCD800E6BE89 /* NSURLSessionCancellationTests */,
			);
		};
/* End PBXProject section */

/* Begin PBXResourcesBuildPhase section */
		65E2D3061D9BCCD800E6BE89 /* Resources */ = {
			isa = PBXResourcesBuildPhase;
			buildActionMask = 2147483647;
			files = (
			);
			runOnlyForDeploymentPostprocessing = 0;
		};
		AABD2B4D1D67183500F3B854 /* Resources */ = {
			isa = PBXResourcesBuildPhase;
			buildActionMask = 2147483647;
			files = (
				AABD2B5D1D67183500F3B854 /* LaunchScreen.storyboard in Resources */,
				AABD2B5A1D67183500F3B854 /* Assets.xcassets in Resources */,
				AABD2B581D67183500F3B854 /* Main.storyboard in Resources */,
			);
			runOnlyForDeploymentPostprocessing = 0;
		};
/* End PBXResourcesBuildPhase section */

/* Begin PBXShellScriptBuildPhase section */
		65FD4BCD1DA26F61001332B8 /* ShellScript */ = {
			isa = PBXShellScriptBuildPhase;
			buildActionMask = 2147483647;
			files = (
			);
			inputPaths = (
			);
			outputPaths = (
			);
			runOnlyForDeploymentPostprocessing = 0;
			shellPath = /bin/sh;
			shellScript = "if which swiftlint >/dev/null; then\n    swiftlint\nelse\n    echo \"warning: SwiftLint not installed, download from https://github.com/realm/SwiftLint\"\nfi";
		};
/* End PBXShellScriptBuildPhase section */

/* Begin PBXSourcesBuildPhase section */
		65E2D3041D9BCCD800E6BE89 /* Sources */ = {
			isa = PBXSourcesBuildPhase;
			buildActionMask = 2147483647;
			files = (
				65E2D30B1D9BCCD800E6BE89 /* NSURLSessionCancellationTests.swift in Sources */,
			);
			runOnlyForDeploymentPostprocessing = 0;
		};
		AABD2B4B1D67183500F3B854 /* Sources */ = {
			isa = PBXSourcesBuildPhase;
			buildActionMask = 2147483647;
			files = (
				AABD2B551D67183500F3B854 /* ViewController.swift in Sources */,
				AABD2B531D67183500F3B854 /* AppDelegate.swift in Sources */,
				934F07001D8EEAFC001C74C9 /* URLSession+Cancellation.swift in Sources */,
			);
			runOnlyForDeploymentPostprocessing = 0;
		};
/* End PBXSourcesBuildPhase section */

/* Begin PBXTargetDependency section */
		65E2D30E1D9BCCD800E6BE89 /* PBXTargetDependency */ = {
			isa = PBXTargetDependency;
			target = AABD2B4E1D67183500F3B854 /* NSURLSessionCancellation */;
			targetProxy = 65E2D30D1D9BCCD800E6BE89 /* PBXContainerItemProxy */;
		};
/* End PBXTargetDependency section */

/* Begin PBXVariantGroup section */
		AABD2B561D67183500F3B854 /* Main.storyboard */ = {
			isa = PBXVariantGroup;
			children = (
				AABD2B571D67183500F3B854 /* Base */,
			);
			name = Main.storyboard;
			sourceTree = "<group>";
		};
		AABD2B5B1D67183500F3B854 /* LaunchScreen.storyboard */ = {
			isa = PBXVariantGroup;
			children = (
				AABD2B5C1D67183500F3B854 /* Base */,
			);
			name = LaunchScreen.storyboard;
			sourceTree = "<group>";
		};
/* End PBXVariantGroup section */

/* Begin XCBuildConfiguration section */
		65E2D30F1D9BCCD800E6BE89 /* Debug */ = {
			isa = XCBuildConfiguration;
			buildSettings = {
				BUNDLE_LOADER = "$(TEST_HOST)";
				CLANG_WARN_DOCUMENTATION_COMMENTS = YES;
				CLANG_WARN_INFINITE_RECURSION = YES;
				CLANG_WARN_SUSPICIOUS_MOVES = YES;
				INFOPLIST_FILE = NSURLSessionCancellationTests/Info.plist;
				IPHONEOS_DEPLOYMENT_TARGET = 10.0;
				LD_RUNPATH_SEARCH_PATHS = "$(inherited) @executable_path/Frameworks @loader_path/Frameworks";
				PRODUCT_BUNDLE_IDENTIFIER = ustwo.NSURLSessionCancellationTests;
				PRODUCT_NAME = "$(TARGET_NAME)";
				SWIFT_ACTIVE_COMPILATION_CONDITIONS = DEBUG;
				SWIFT_VERSION = 3.0;
				TEST_HOST = "$(BUILT_PRODUCTS_DIR)/NSURLSessionCancellation.app/NSURLSessionCancellation";
			};
			name = Debug;
		};
		65E2D3101D9BCCD800E6BE89 /* Release */ = {
			isa = XCBuildConfiguration;
			buildSettings = {
				BUNDLE_LOADER = "$(TEST_HOST)";
				CLANG_WARN_DOCUMENTATION_COMMENTS = YES;
				CLANG_WARN_INFINITE_RECURSION = YES;
				CLANG_WARN_SUSPICIOUS_MOVES = YES;
				INFOPLIST_FILE = NSURLSessionCancellationTests/Info.plist;
				IPHONEOS_DEPLOYMENT_TARGET = 10.0;
				LD_RUNPATH_SEARCH_PATHS = "$(inherited) @executable_path/Frameworks @loader_path/Frameworks";
				PRODUCT_BUNDLE_IDENTIFIER = ustwo.NSURLSessionCancellationTests;
				PRODUCT_NAME = "$(TARGET_NAME)";
				SWIFT_OPTIMIZATION_LEVEL = "-Owholemodule";
				SWIFT_VERSION = 3.0;
				TEST_HOST = "$(BUILT_PRODUCTS_DIR)/NSURLSessionCancellation.app/NSURLSessionCancellation";
			};
			name = Release;
		};
		AABD2B751D67183500F3B854 /* Debug */ = {
			isa = XCBuildConfiguration;
			buildSettings = {
				ALWAYS_SEARCH_USER_PATHS = NO;
				CLANG_ANALYZER_NONNULL = YES;
				CLANG_CXX_LANGUAGE_STANDARD = "gnu++0x";
				CLANG_CXX_LIBRARY = "libc++";
				CLANG_ENABLE_MODULES = YES;
				CLANG_ENABLE_OBJC_ARC = YES;
				CLANG_WARN_BOOL_CONVERSION = YES;
				CLANG_WARN_CONSTANT_CONVERSION = YES;
				CLANG_WARN_DIRECT_OBJC_ISA_USAGE = YES_ERROR;
				CLANG_WARN_EMPTY_BODY = YES;
				CLANG_WARN_ENUM_CONVERSION = YES;
				CLANG_WARN_INFINITE_RECURSION = YES;
				CLANG_WARN_INT_CONVERSION = YES;
				CLANG_WARN_OBJC_ROOT_CLASS = YES_ERROR;
				CLANG_WARN_SUSPICIOUS_MOVE = YES;
				CLANG_WARN_UNREACHABLE_CODE = YES;
				CLANG_WARN__DUPLICATE_METHOD_MATCH = YES;
				"CODE_SIGN_IDENTITY[sdk=iphoneos*]" = "iPhone Developer";
				COPY_PHASE_STRIP = NO;
				DEBUG_INFORMATION_FORMAT = dwarf;
				ENABLE_STRICT_OBJC_MSGSEND = YES;
				ENABLE_TESTABILITY = YES;
				GCC_C_LANGUAGE_STANDARD = gnu99;
				GCC_DYNAMIC_NO_PIC = NO;
				GCC_NO_COMMON_BLOCKS = YES;
				GCC_OPTIMIZATION_LEVEL = 0;
				GCC_PREPROCESSOR_DEFINITIONS = (
					"DEBUG=1",
					"$(inherited)",
				);
				GCC_WARN_64_TO_32_BIT_CONVERSION = YES;
				GCC_WARN_ABOUT_RETURN_TYPE = YES_ERROR;
				GCC_WARN_UNDECLARED_SELECTOR = YES;
				GCC_WARN_UNINITIALIZED_AUTOS = YES_AGGRESSIVE;
				GCC_WARN_UNUSED_FUNCTION = YES;
				GCC_WARN_UNUSED_VARIABLE = YES;
				IPHONEOS_DEPLOYMENT_TARGET = 9.3;
				MTL_ENABLE_DEBUG_INFO = YES;
				ONLY_ACTIVE_ARCH = YES;
				SDKROOT = iphoneos;
				SWIFT_OPTIMIZATION_LEVEL = "-Onone";
				TARGETED_DEVICE_FAMILY = "1,2";
			};
			name = Debug;
		};
		AABD2B761D67183500F3B854 /* Release */ = {
			isa = XCBuildConfiguration;
			buildSettings = {
				ALWAYS_SEARCH_USER_PATHS = NO;
				CLANG_ANALYZER_NONNULL = YES;
				CLANG_CXX_LANGUAGE_STANDARD = "gnu++0x";
				CLANG_CXX_LIBRARY = "libc++";
				CLANG_ENABLE_MODULES = YES;
				CLANG_ENABLE_OBJC_ARC = YES;
				CLANG_WARN_BOOL_CONVERSION = YES;
				CLANG_WARN_CONSTANT_CONVERSION = YES;
				CLANG_WARN_DIRECT_OBJC_ISA_USAGE = YES_ERROR;
				CLANG_WARN_EMPTY_BODY = YES;
				CLANG_WARN_ENUM_CONVERSION = YES;
				CLANG_WARN_INFINITE_RECURSION = YES;
				CLANG_WARN_INT_CONVERSION = YES;
				CLANG_WARN_OBJC_ROOT_CLASS = YES_ERROR;
				CLANG_WARN_SUSPICIOUS_MOVE = YES;
				CLANG_WARN_UNREACHABLE_CODE = YES;
				CLANG_WARN__DUPLICATE_METHOD_MATCH = YES;
				"CODE_SIGN_IDENTITY[sdk=iphoneos*]" = "iPhone Developer";
				COPY_PHASE_STRIP = NO;
				DEBUG_INFORMATION_FORMAT = "dwarf-with-dsym";
				ENABLE_NS_ASSERTIONS = NO;
				ENABLE_STRICT_OBJC_MSGSEND = YES;
				GCC_C_LANGUAGE_STANDARD = gnu99;
				GCC_NO_COMMON_BLOCKS = YES;
				GCC_WARN_64_TO_32_BIT_CONVERSION = YES;
				GCC_WARN_ABOUT_RETURN_TYPE = YES_ERROR;
				GCC_WARN_UNDECLARED_SELECTOR = YES;
				GCC_WARN_UNINITIALIZED_AUTOS = YES_AGGRESSIVE;
				GCC_WARN_UNUSED_FUNCTION = YES;
				GCC_WARN_UNUSED_VARIABLE = YES;
				IPHONEOS_DEPLOYMENT_TARGET = 9.3;
				MTL_ENABLE_DEBUG_INFO = NO;
				SDKROOT = iphoneos;
				SWIFT_OPTIMIZATION_LEVEL = "-Owholemodule";
				TARGETED_DEVICE_FAMILY = "1,2";
				VALIDATE_PRODUCT = YES;
			};
			name = Release;
		};
		AABD2B781D67183500F3B854 /* Debug */ = {
			isa = XCBuildConfiguration;
			buildSettings = {
				ASSETCATALOG_COMPILER_APPICON_NAME = AppIcon;
				INFOPLIST_FILE = NSURLSessionCancellation/Info.plist;
				LD_RUNPATH_SEARCH_PATHS = "$(inherited) @executable_path/Frameworks";
				PRODUCT_BUNDLE_IDENTIFIER = ustwo.NSURLSessionCancellation;
				PRODUCT_NAME = "$(TARGET_NAME)";
				SWIFT_VERSION = 3.0;
			};
			name = Debug;
		};
		AABD2B791D67183500F3B854 /* Release */ = {
			isa = XCBuildConfiguration;
			buildSettings = {
				ASSETCATALOG_COMPILER_APPICON_NAME = AppIcon;
				INFOPLIST_FILE = NSURLSessionCancellation/Info.plist;
				LD_RUNPATH_SEARCH_PATHS = "$(inherited) @executable_path/Frameworks";
				PRODUCT_BUNDLE_IDENTIFIER = ustwo.NSURLSessionCancellation;
				PRODUCT_NAME = "$(TARGET_NAME)";
				SWIFT_VERSION = 3.0;
			};
			name = Release;
		};
/* End XCBuildConfiguration section */

/* Begin XCConfigurationList section */
		65E2D3111D9BCCD800E6BE89 /* Build configuration list for PBXNativeTarget "NSURLSessionCancellationTests" */ = {
			isa = XCConfigurationList;
			buildConfigurations = (
				65E2D30F1D9BCCD800E6BE89 /* Debug */,
				65E2D3101D9BCCD800E6BE89 /* Release */,
			);
			defaultConfigurationIsVisible = 0;
			defaultConfigurationName = Release;
		};
		AABD2B4A1D67183500F3B854 /* Build configuration list for PBXProject "NSURLSessionCancellation" */ = {
			isa = XCConfigurationList;
			buildConfigurations = (
				AABD2B751D67183500F3B854 /* Debug */,
				AABD2B761D67183500F3B854 /* Release */,
			);
			defaultConfigurationIsVisible = 0;
			defaultConfigurationName = Release;
		};
		AABD2B771D67183500F3B854 /* Build configuration list for PBXNativeTarget "NSURLSessionCancellation" */ = {
			isa = XCConfigurationList;
			buildConfigurations = (
				AABD2B781D67183500F3B854 /* Debug */,
				AABD2B791D67183500F3B854 /* Release */,
			);
			defaultConfigurationIsVisible = 0;
			defaultConfigurationName = Release;
		};
/* End XCConfigurationList section */
	};
	rootObject = AABD2B471D67183500F3B854 /* Project object */;
}
